github.com/google/go-cmp v0.5.8 h1:e6P7q2lk1O+qJJb4BtCQXlK8vWEO8V1ZeuEdJNOqZyg=
github.com/google/go-cmp v0.5.8/go.mod h1:17dUlkBOakJ0+DkrSSNjCkIjxS6bF9zb3elmeNGIjoY=
github.com/m-rap/decimal-go v0.0.1 h1:pZ9ViwaqQVFbAvcF+/Br4YujG2/lXUdjQeMQ4TlX/Go=
github.com/m-rap/decimal-go v0.0.1/go.mod h1:9iCZW+z9kL0hZJhzuFcQ4zOjpjgl+yojpclrKibIw70=
github.com/m-rap/itemprice-go v0.0.2 h1:MhDHRsMstvU4hFxLjJ+4DBwYm9r2Q0q1tygSdHBPTig=
github.com/m-rap/itemprice-go v0.0.2/go.mod h1:3c5AbqQWFsAvpE5fjZ/Gmi6cN2DrJs3MWU6y4GDFhCM=
github.com/mattn/go-sqlite3 v1.14.44 h1:3VSe+xafpbzsLbdr2AWlAZk9yRHiBhTBakioXaCKTF8=
github.com/mattn/go-sqlite3 v1.14.44/go.mod h1:pjEuOr8IwzLJP2MfGeTb0A35jauH+C2kbHKBr7yXKVQ=
github.com/tailscale/hujson v0.0.0-20260302212456-ecc657c15afd h1:Rf9uhF1+VJ7ZHqxrG8pJ6YacmHvVCmByDmGbAWCc/gA=
github.com/tailscale/hujson v0.0.0-20260302212456-ecc657c15afd/go.mod h1:EbW0wDK/qEUYI0A5bqq0C2kF8JTQwWONmGDBbzsxxHo=
